
Microsoft Visual Studio Solution File, Format Version 12.00
# Visual Studio Version 16
VisualStudioVersion = 16.0.32228.343
MinimumVisualStudioVersion = 10.0.40219.1
Project("{9A19103F-16F7-4668-BE54-9A1E7A4F7556}") = "JungleBackApi", "JungleBackApi.csproj", "{FB1E44EC-F97E-4AE8-AF2C-CD7A9B7F2AB2}"
EndProject
Project("{9A19103F-16F7-4668-BE54-9A1E7A4F7556}") = "JungleBackCore", "..\JungleBackCore\JungleBackCore.csproj", "{B9BC15EA-50C6-4F96-B7F5-AD2DD2B02F93}"
EndProject
Project("{9A19103F-16F7-4668-BE54-9A1E7A4F7556}") = "JungleBackInfrastructure", "..\JungleBackInfrastructure\JungleBackInfrastructure.csproj", "{04412D8F-D5CB-4954-B338-0253B938FB92}"
EndProject
Global
	GlobalSection(SolutionConfigurationPlatforms) = preSolution
		Debug|Any CPU = Debug|Any CPU
		Release|Any CPU = Release|Any CPU
	EndGlobalSection
	GlobalSection(ProjectConfigurationPlatforms) = postSolution
		{FB1E44EC-F97E-4AE8-AF2C-CD7A9B7F2AB2}.Debug|Any CPU.ActiveCfg = Debug|Any CPU
		{FB1E44EC-F97E-4AE8-AF2C-CD7A9B7F2AB2}.Debug|Any CPU.Build.0 = Debug|Any CPU
		{FB1E44EC-F97E-4AE8-AF2C-CD7A9B7F2AB2}.Release|Any CPU.ActiveCfg = Release|Any CPU
		{FB1E44EC-F97E-4AE8-AF2C-CD7A9B7F2AB2}.Release|Any CPU.Build.0 = Release|Any CPU
		{B9BC15EA-50C6-4F96-B7F5-AD2DD2B02F93}.Debug|Any CPU.ActiveCfg = Debug|Any CPU
		{B9BC15EA-50C6-4F96-B7F5-AD2DD2B02F93}.Debug|Any CPU.Build.0 = Debug|Any CPU
		{B9BC15EA-50C6-4F96-B7F5-AD2DD2B02F93}.Release|Any CPU.ActiveCfg = Release|Any CPU
		{B9BC15EA-50C6-4F96-B7F5-AD2DD2B02F93}.Release|Any CPU.Build.0 = Release|Any CPU
		{04412D8F-D5CB-4954-B338-0253B938FB92}.Debug|Any CPU.ActiveCfg = Debug|Any CPU
		{04412D8F-D5CB-4954-B338-0253B938FB92}.Debug|Any CPU.Build.0 = Debug|Any CPU
		{04412D8F-D5CB-4954-B338-0253B938FB92}.Release|Any CPU.ActiveCfg = Release|Any CPU
		{04412D8F-D5CB-4954-B338-0253B938FB92}.Release|Any CPU.Build.0 = Release|Any CPU
	EndGlobalSection
	GlobalSection(SolutionProperties) = preSolution
		HideSolutionNode = FALSE
	EndGlobalSection
	GlobalSection(ExtensibilityGlobals) = postSolution
		SolutionGuid = {66DB6025-74BC-4FB6-8C47-0BC947BFCE30}
	EndGlobalSection
EndGlobal
